
Microsoft Visual Studio Solution File, Format Version 12.00
# Visual Studio Version 16
VisualStudioVersion = 16.0.31702.278
MinimumVisualStudioVersion = 10.0.40219.1
Project("{FAE04EC0-301F-11D3-BF4B-00C04F79EFBC}") = "Metodeja", "Metodeja\Metodeja.csproj", "{8236DF36-B78C-4FCD-8AF1-3E7AC63DE61C}"
EndProject
Global
	GlobalSection(SolutionConfigurationPlatforms) = preSolution
		Debug|Any CPU = Debug|Any CPU
		Release|Any CPU = Release|Any CPU
	EndGlobalSection
	GlobalSection(ProjectConfigurationPlatforms) = postSolution
		{8236DF36-B78C-4FCD-8AF1-3E7AC63DE61C}.Debug|Any CPU.ActiveCfg = Debug|Any CPU
		{8236DF36-B78C-4FCD-8AF1-3E7AC63DE61C}.Debug|Any CPU.Build.0 = Debug|Any CPU
		{8236DF36-B78C-4FCD-8AF1-3E7AC63DE61C}.Release|Any CPU.ActiveCfg = Release|Any CPU
		{8236DF36-B78C-4FCD-8AF1-3E7AC63DE61C}.Release|Any CPU.Build.0 = Release|Any CPU
	EndGlobalSection
	GlobalSection(SolutionProperties) = preSolution
		HideSolutionNode = FALSE
	EndGlobalSection
	GlobalSection(ExtensibilityGlobals) = postSolution
		SolutionGuid = {5574B73B-68C6-4A08-8F5E-0191B300B49A}
	EndGlobalSection
EndGlobal
